
Microsoft Visual Studio Solution File, Format Version 12.00
# Visual Studio 14
VisualStudioVersion = 14.0.25420.1
MinimumVisualStudioVersion = 10.0.40219.1
Project("{FAE04EC0-301F-11D3-BF4B-00C04F79EFBC}") = "Kashihara.Web.Api", "Kashihara.Web\Kashihara.Web.Api.csproj", "{91BA093F-720D-4CA6-ABB6-7F23E0AE539C}"
EndProject
Project("{FAE04EC0-301F-11D3-BF4B-00C04F79EFBC}") = "Kashihara.DAO", "Kashihara.DAO\Kashihara.DAO.csproj", "{F3BCDDA1-5D4F-404F-9338-F97E135BCDC2}"
EndProject
Project("{FAE04EC0-301F-11D3-BF4B-00C04F79EFBC}") = "Kashihara.BLL", "Kashihara.BLL\Kashihara.BLL.csproj", "{DF1DD288-1629-40FD-8952-B33A3A2BBA4F}"
EndProject
Project("{FAE04EC0-301F-11D3-BF4B-00C04F79EFBC}") = "Kashihara.DTO", "Kashihara.DTO\Kashihara.DTO.csproj", "{51CFA670-0404-4F54-974A-3F74B6CC5A5D}"
EndProject
Project("{FAE04EC0-301F-11D3-BF4B-00C04F79EFBC}") = "Kashihara.Core", "Kashihara.Core\Kashihara.Core.csproj", "{65DC02EC-0712-495D-A65C-7CFC08F92A80}"
EndProject
Project("{FAE04EC0-301F-11D3-BF4B-00C04F79EFBC}") = "Kashihara.Web.Backoffice", "Kashihara.Web.Backoffice\Kashihara.Web.Backoffice.csproj", "{D758A7B4-A065-4956-AE5A-AE826D14F6D9}"
EndProject
Global
	GlobalSection(SolutionConfigurationPlatforms) = preSolution
		Debug|Any CPU = Debug|Any CPU
		Release|Any CPU = Release|Any CPU
	EndGlobalSection
	GlobalSection(ProjectConfigurationPlatforms) = postSolution
		{91BA093F-720D-4CA6-ABB6-7F23E0AE539C}.Debug|Any CPU.ActiveCfg = Debug|Any CPU
		{91BA093F-720D-4CA6-ABB6-7F23E0AE539C}.Debug|Any CPU.Build.0 = Debug|Any CPU
		{91BA093F-720D-4CA6-ABB6-7F23E0AE539C}.Release|Any CPU.ActiveCfg = Release|Any CPU
		{91BA093F-720D-4CA6-ABB6-7F23E0AE539C}.Release|Any CPU.Build.0 = Release|Any CPU
		{F3BCDDA1-5D4F-404F-9338-F97E135BCDC2}.Debug|Any CPU.ActiveCfg = Debug|Any CPU
		{F3BCDDA1-5D4F-404F-9338-F97E135BCDC2}.Debug|Any CPU.Build.0 = Debug|Any CPU
		{F3BCDDA1-5D4F-404F-9338-F97E135BCDC2}.Release|Any CPU.ActiveCfg = Release|Any CPU
		{F3BCDDA1-5D4F-404F-9338-F97E135BCDC2}.Release|Any CPU.Build.0 = Release|Any CPU
		{DF1DD288-1629-40FD-8952-B33A3A2BBA4F}.Debug|Any CPU.ActiveCfg = Debug|Any CPU
		{DF1DD288-1629-40FD-8952-B33A3A2BBA4F}.Debug|Any CPU.Build.0 = Debug|Any CPU
		{DF1DD288-1629-40FD-8952-B33A3A2BBA4F}.Release|Any CPU.ActiveCfg = Release|Any CPU
		{DF1DD288-1629-40FD-8952-B33A3A2BBA4F}.Release|Any CPU.Build.0 = Release|Any CPU
		{51CFA670-0404-4F54-974A-3F74B6CC5A5D}.Debug|Any CPU.ActiveCfg = Debug|Any CPU
		{51CFA670-0404-4F54-974A-3F74B6CC5A5D}.Debug|Any CPU.Build.0 = Debug|Any CPU
		{51CFA670-0404-4F54-974A-3F74B6CC5A5D}.Release|Any CPU.ActiveCfg = Release|Any CPU
		{51CFA670-0404-4F54-974A-3F74B6CC5A5D}.Release|Any CPU.Build.0 = Release|Any CPU
		{65DC02EC-0712-495D-A65C-7CFC08F92A80}.Debug|Any CPU.ActiveCfg = Debug|Any CPU
		{65DC02EC-0712-495D-A65C-7CFC08F92A80}.Debug|Any CPU.Build.0 = Debug|Any CPU
		{65DC02EC-0712-495D-A65C-7CFC08F92A80}.Release|Any CPU.ActiveCfg = Release|Any CPU
		{65DC02EC-0712-495D-A65C-7CFC08F92A80}.Release|Any CPU.Build.0 = Release|Any CPU
		{D758A7B4-A065-4956-AE5A-AE826D14F6D9}.Debug|Any CPU.ActiveCfg = Debug|Any CPU
		{D758A7B4-A065-4956-AE5A-AE826D14F6D9}.Debug|Any CPU.Build.0 = Debug|Any CPU
		{D758A7B4-A065-4956-AE5A-AE826D14F6D9}.Release|Any CPU.ActiveCfg = Release|Any CPU
		{D758A7B4-A065-4956-AE5A-AE826D14F6D9}.Release|Any CPU.Build.0 = Release|Any CPU
	EndGlobalSection
	GlobalSection(SolutionProperties) = preSolution
		HideSolutionNode = FALSE
	EndGlobalSection
EndGlobal
